
Microsoft Visual Studio Solution File, Format Version 12.00
# Visual Studio 2013
VisualStudioVersion = 12.0.40629.0
MinimumVisualStudioVersion = 10.0.40219.1
Project("{FAE04EC0-301F-11D3-BF4B-00C04F79EFBC}") = "MediaDashboard.Api.Tests", "..\MediaDashboard.Api.Tests\MediaDashboard.Api.Tests.csproj", "{0A784A1F-F8A9-424E-99E3-F5A271853A42}"
EndProject
Project("{FAE04EC0-301F-11D3-BF4B-00C04F79EFBC}") = "MediaDashboard.Config.Tests", "..\MediaDashboard.Config.Tests\MediaDashboard.Config.Tests.csproj", "{F2E8DFD5-3C8E-4337-9DA7-0F28E23E5C21}"
EndProject
Project("{FAE04EC0-301F-11D3-BF4B-00C04F79EFBC}") = "MediaDashboard.Ingest.Tests", "..\MediaDashboard.Ingest.Tests\MediaDashboard.Ingest.Tests.csproj", "{78EBEFF9-5C02-447D-AE26-54DA11404120}"
EndProject
Project("{FAE04EC0-301F-11D3-BF4B-00C04F79EFBC}") = "MediaDashboard.MediaServices.Client.Tests", "..\MediaDashboard.MediaServices.Client.Tests\MediaDashboard.MediaServices.Client.Tests.csproj", "{90E754BB-4343-4DFD-BBAB-FE9AE3576C56}"
EndProject
Project("{FAE04EC0-301F-11D3-BF4B-00C04F79EFBC}") = "MediaDashboard.Operations.Api.Test", "..\MediaDashboard.Operations.Api.Test\MediaDashboard.Operations.Api.Test\MediaDashboard.Operations.Api.Test.csproj", "{225716AD-6BD8-4EE5-B09A-3F57C8134F94}"
EndProject
Project("{FAE04EC0-301F-11D3-BF4B-00C04F79EFBC}") = "MediaDashboard.Persistence.Tests", "..\MediaDashboard.Persistence.Tests\MediaDashboard.Persistence.Tests.csproj", "{418F3723-5FCF-4A35-A410-42844A29D300}"
EndProject
Global
	GlobalSection(SolutionConfigurationPlatforms) = preSolution
		Debug|Any CPU = Debug|Any CPU
		Release|Any CPU = Release|Any CPU
	EndGlobalSection
	GlobalSection(ProjectConfigurationPlatforms) = postSolution
		{0A784A1F-F8A9-424E-99E3-F5A271853A42}.Debug|Any CPU.ActiveCfg = Debug|Any CPU
		{0A784A1F-F8A9-424E-99E3-F5A271853A42}.Debug|Any CPU.Build.0 = Debug|Any CPU
		{0A784A1F-F8A9-424E-99E3-F5A271853A42}.Release|Any CPU.ActiveCfg = Release|Any CPU
		{0A784A1F-F8A9-424E-99E3-F5A271853A42}.Release|Any CPU.Build.0 = Release|Any CPU
		{F2E8DFD5-3C8E-4337-9DA7-0F28E23E5C21}.Debug|Any CPU.ActiveCfg = Debug|Any CPU
		{F2E8DFD5-3C8E-4337-9DA7-0F28E23E5C21}.Debug|Any CPU.Build.0 = Debug|Any CPU
		{F2E8DFD5-3C8E-4337-9DA7-0F28E23E5C21}.Release|Any CPU.ActiveCfg = Release|Any CPU
		{F2E8DFD5-3C8E-4337-9DA7-0F28E23E5C21}.Release|Any CPU.Build.0 = Release|Any CPU
		{78EBEFF9-5C02-447D-AE26-54DA11404120}.Debug|Any CPU.ActiveCfg = Debug|Any CPU
		{78EBEFF9-5C02-447D-AE26-54DA11404120}.Debug|Any CPU.Build.0 = Debug|Any CPU
		{78EBEFF9-5C02-447D-AE26-54DA11404120}.Release|Any CPU.ActiveCfg = Release|Any CPU
		{78EBEFF9-5C02-447D-AE26-54DA11404120}.Release|Any CPU.Build.0 = Release|Any CPU
		{90E754BB-4343-4DFD-BBAB-FE9AE3576C56}.Debug|Any CPU.ActiveCfg = Debug|Any CPU
		{90E754BB-4343-4DFD-BBAB-FE9AE3576C56}.Debug|Any CPU.Build.0 = Debug|Any CPU
		{90E754BB-4343-4DFD-BBAB-FE9AE3576C56}.Release|Any CPU.ActiveCfg = Release|Any CPU
		{90E754BB-4343-4DFD-BBAB-FE9AE3576C56}.Release|Any CPU.Build.0 = Release|Any CPU
		{225716AD-6BD8-4EE5-B09A-3F57C8134F94}.Debug|Any CPU.ActiveCfg = Debug|Any CPU
		{225716AD-6BD8-4EE5-B09A-3F57C8134F94}.Debug|Any CPU.Build.0 = Debug|Any CPU
		{225716AD-6BD8-4EE5-B09A-3F57C8134F94}.Release|Any CPU.ActiveCfg = Release|Any CPU
		{225716AD-6BD8-4EE5-B09A-3F57C8134F94}.Release|Any CPU.Build.0 = Release|Any CPU
		{418F3723-5FCF-4A35-A410-42844A29D300}.Debug|Any CPU.ActiveCfg = Debug|Any CPU
		{418F3723-5FCF-4A35-A410-42844A29D300}.Debug|Any CPU.Build.0 = Debug|Any CPU
		{418F3723-5FCF-4A35-A410-42844A29D300}.Release|Any CPU.ActiveCfg = Release|Any CPU
		{418F3723-5FCF-4A35-A410-42844A29D300}.Release|Any CPU.Build.0 = Release|Any CPU
	EndGlobalSection
	GlobalSection(SolutionProperties) = preSolution
		HideSolutionNode = FALSE
	EndGlobalSection
EndGlobal
